// !$*UTF8*$!
{
	archiveVersion = 1;
	classes = {
	};
	objectVersion = 46;
	objects = {

/* Begin PBXBuildFile section */
		DA6B56271CC8C04A00AEEE94 /* main.m in Sources */ = {isa = PBXBuildFile; fileRef = DA6B56261CC8C04A00AEEE94 /* main.m */; };
		DA6B562A1CC8C04A00AEEE94 /* AppDelegate.m in Sources */ = {isa = PBXBuildFile; fileRef = DA6B56291CC8C04A00AEEE94 /* AppDelegate.m */; };
		DA6B562D1CC8C04A00AEEE94 /* ViewController.m in Sources */ = {isa = PBXBuildFile; fileRef = DA6B562C1CC8C04A00AEEE94 /* ViewController.m */; };
		DA6B56301CC8C04B00AEEE94 /* Main.storyboard in Resources */ = {isa = PBXBuildFile; fileRef = DA6B562E1CC8C04B00AEEE94 /* Main.storyboard */; };
		DA6B56321CC8C04B00AEEE94 /* Assets.xcassets in Resources */ = {isa = PBXBuildFile; fileRef = DA6B56311CC8C04B00AEEE94 /* Assets.xcassets */; };
		DA6B56351CC8C04B00AEEE94 /* LaunchScreen.storyboard in Resources */ = {isa = PBXBuildFile; fileRef = DA6B56331CC8C04B00AEEE94 /* LaunchScreen.storyboard */; };
		DA6B56401CC8C04B00AEEE94 /* GetUUidTests.m in Sources */ = {isa = PBXBuildFile; fileRef = DA6B563F1CC8C04B00AEEE94 /* GetUUidTests.m */; };
		DA6B564B1CC8C04B00AEEE94 /* GetUUidUITests.m in Sources */ = {isa = PBXBuildFile; fileRef = DA6B564A1CC8C04B00AEEE94 /* GetUUidUITests.m */; };
		DA6B56591CC8C06300AEEE94 /* Security.framework in Frameworks */ = {isa = PBXBuildFile; fileRef = DA6B56581CC8C06300AEEE94 /* Security.framework */; };
		DA6B565C1CC8C08A00AEEE94 /* MyKeyChainManager.m in Sources */ = {isa = PBXBuildFile; fileRef = DA6B565B1CC8C08A00AEEE94 /* MyKeyChainManager.m */; };
		DA6B565F1CC8C0D300AEEE94 /* MyUUIDManager.m in Sources */ = {isa = PBXBuildFile; fileRef = DA6B565E1CC8C0D300AEEE94 /* MyUUIDManager.m */; };
/* End PBXBuildFile section */

/* Begin PBXContainerItemProxy section */
		DA6B563C1CC8C04B00AEEE94 /* PBXContainerItemProxy */ = {
			isa = PBXContainerItemProxy;
			containerPortal = DA6B561A1CC8C04A00AEEE94 /* Project object */;
			proxyType = 1;
			remoteGlobalIDString = DA6B56211CC8C04A00AEEE94;
			remoteInfo = GetUUid;
		};
		DA6B56471CC8C04B00AEEE94 /* PBXContainerItemProxy */ = {
			isa = PBXContainerItemProxy;
			containerPortal = DA6B561A1CC8C04A00AEEE94 /* Project object */;
			proxyType = 1;
			remoteGlobalIDString = DA6B56211CC8C04A00AEEE94;
			remoteInfo = GetUUid;
		};
/* End PBXContainerItemProxy section */

/* Begin PBXFileReference section */
		DA6B56221CC8C04A00AEEE94 /* GetUUid.app */ = {isa = PBXFileReference; explicitFileType = wrapper.application; includeInIndex = 0; path = GetUUid.app; sourceTree = BUILT_PRODUCTS_DIR; };
		DA6B56261CC8C04A00AEEE94 /* main.m */ = {isa = PBXFileReference; lastKnownFileType = sourcecode.c.objc; path = main.m; sourceTree = "<group>"; };
		DA6B56281CC8C04A00AEEE94 /* AppDelegate.h */ = {isa = PBXFileReference; lastKnownFileType = sourcecode.c.h; path = AppDelegate.h; sourceTree = "<group>"; };
		DA6B56291CC8C04A00AEEE94 /* AppDelegate.m */ = {isa = PBXFileReference; lastKnownFileType = sourcecode.c.objc; path = AppDelegate.m; sourceTree = "<group>"; };
		DA6B562B1CC8C04A00AEEE94 /* ViewController.h */ = {isa = PBXFileReference; lastKnownFileType = sourcecode.c.h; path = ViewController.h; sourceTree = "<group>"; };
		DA6B562C1CC8C04A00AEEE94 /* ViewController.m */ = {isa = PBXFileReference; lastKnownFileType = sourcecode.c.objc; path = ViewController.m; sourceTree = "<group>"; };
		DA6B562F1CC8C04B00AEEE94 /* Base */ = {isa = PBXFileReference; lastKnownFileType = file.storyboard; name = Base; path = Base.lproj/Main.storyboard; sourceTree = "<group>"; };
		DA6B56311CC8C04B00AEEE94 /* Assets.xcassets */ = {isa = PBXFileReference; lastKnownFileType = folder.assetcatalog; path = Assets.xcassets; sourceTree = "<group>"; };
		DA6B56341CC8C04B00AEEE94 /* Base */ = {isa = PBXFileReference; lastKnownFileType = file.storyboard; name = Base; path = Base.lproj/LaunchScreen.storyboard; sourceTree = "<group>"; };
		DA6B56361CC8C04B00AEEE94 /* Info.plist */ = {isa = PBXFileReference; lastKnownFileType = text.plist.xml; path = Info.plist; sourceTree = "<group>"; };
		DA6B563B1CC8C04B00AEEE94 /* GetUUidTests.xctest */ = {isa = PBXFileReference; explicitFileType = wrapper.cfbundle; includeInIndex = 0; path = GetUUidTests.xctest; sourceTree = BUILT_PRODUCTS_DIR; };
		DA6B563F1CC8C04B00AEEE94 /* GetUUidTests.m */ = {isa = PBXFileReference; lastKnownFileType = sourcecode.c.objc; path = GetUUidTests.m; sourceTree = "<group>"; };
		DA6B56411CC8C04B00AEEE94 /* Info.plist */ = {isa = PBXFileReference; lastKnownFileType = text.plist.xml; path = Info.plist; sourceTree = "<group>"; };
		DA6B56461CC8C04B00AEEE94 /* GetUUidUITests.xctest */ = {isa = PBXFileReference; explicitFileType = wrapper.cfbundle; includeInIndex = 0; path = GetUUidUITests.xctest; sourceTree = BUILT_PRODUCTS_DIR; };
		DA6B564A1CC8C04B00AEEE94 /* GetUUidUITests.m */ = {isa = PBXFileReference; lastKnownFileType = sourcecode.c.objc; path = GetUUidUITests.m; sourceTree = "<group>"; };
		DA6B564C1CC8C04B00AEEE94 /* Info.plist */ = {isa = PBXFileReference; lastKnownFileType = text.plist.xml; path = Info.plist; sourceTree = "<group>"; };
		DA6B56581CC8C06300AEEE94 /* Security.framework */ = {isa = PBXFileReference; lastKnownFileType = wrapper.framework; name = Security.framework; path = System/Library/Frameworks/Security.framework; sourceTree = SDKROOT; };
		DA6B565A1CC8C08A00AEEE94 /* MyKeyChainManager.h */ = {isa = PBXFileReference; fileEncoding = 4; lastKnownFileType = sourcecode.c.h; path = MyKeyChainManager.h; sourceTree = "<group>"; };
		DA6B565B1CC8C08A00AEEE94 /* MyKeyChainManager.m */ = {isa = PBXFileReference; fileEncoding = 4; lastKnownFileType = sourcecode.c.objc; path = MyKeyChainManager.m; sourceTree = "<group>"; };
		DA6B565D1CC8C0D300AEEE94 /* MyUUIDManager.h */ = {isa = PBXFileReference; fileEncoding = 4; lastKnownFileType = sourcecode.c.h; path = MyUUIDManager.h; sourceTree = "<group>"; };
		DA6B565E1CC8C0D300AEEE94 /* MyUUIDManager.m */ = {isa = PBXFileReference; fileEncoding = 4; lastKnownFileType = sourcecode.c.objc; path = MyUUIDManager.m; sourceTree = "<group>"; };
/* End PBXFileReference section */

/* Begin PBXFrameworksBuildPhase section */
		DA6B561F1CC8C04A00AEEE94 /* Frameworks */ = {
			isa = PBXFrameworksBuildPhase;
			buildActionMask = 2147483647;
			files = (
				DA6B56591CC8C06300AEEE94 /* Security.framework in Frameworks */,
			);
			runOnlyForDeploymentPostprocessing = 0;
		};
		DA6B56381CC8C04B00AEEE94 /* Frameworks */ = {
			isa = PBXFrameworksBuildPhase;
			buildActionMask = 2147483647;
			files = (
			);
			runOnlyForDeploymentPostprocessing = 0;
		};
		DA6B56431CC8C04B00AEEE94 /* Frameworks */ = {
			isa = PBXFrameworksBuildPhase;
			buildActionMask = 2147483647;
			files = (
			);
			runOnlyForDeploymentPostprocessing = 0;
		};
/* End PBXFrameworksBuildPhase section */

/* Begin PBXGroup section */
		DA6B56191CC8C04A00AEEE94 = {
			isa = PBXGroup;
			children = (
				DA6B56581CC8C06300AEEE94 /* Security.framework */,
				DA6B56241CC8C04A00AEEE94 /* GetUUid */,
				DA6B563E1CC8C04B00AEEE94 /* GetUUidTests */,
				DA6B56491CC8C04B00AEEE94 /* GetUUidUITests */,
				DA6B56231CC8C04A00AEEE94 /* Products */,
			);
			sourceTree = "<group>";
		};
		DA6B56231CC8C04A00AEEE94 /* Products */ = {
			isa = PBXGroup;
			children = (
				DA6B56221CC8C04A00AEEE94 /* GetUUid.app */,
				DA6B563B1CC8C04B00AEEE94 /* GetUUidTests.xctest */,
				DA6B56461CC8C04B00AEEE94 /* GetUUidUITests.xctest */,
			);
			name = Products;
			sourceTree = "<group>";
		};
		DA6B56241CC8C04A00AEEE94 /* GetUUid */ = {
			isa = PBXGroup;
			children = (
				DA6B56281CC8C04A00AEEE94 /* AppDelegate.h */,
				DA6B56291CC8C04A00AEEE94 /* AppDelegate.m */,
				DA6B562B1CC8C04A00AEEE94 /* ViewController.h */,
				DA6B562C1CC8C04A00AEEE94 /* ViewController.m */,
				DA6B562E1CC8C04B00AEEE94 /* Main.storyboard */,
				DA6B565A1CC8C08A00AEEE94 /* MyKeyChainManager.h */,
				DA6B565B1CC8C08A00AEEE94 /* MyKeyChainManager.m */,
				DA6B565D1CC8C0D300AEEE94 /* MyUUIDManager.h */,
				DA6B565E1CC8C0D300AEEE94 /* MyUUIDManager.m */,
				DA6B56311CC8C04B00AEEE94 /* Assets.xcassets */,
				DA6B56331CC8C04B00AEEE94 /* LaunchScreen.storyboard */,
				DA6B56361CC8C04B00AEEE94 /* Info.plist */,
				DA6B56251CC8C04A00AEEE94 /* Supporting Files */,
			);
			path = GetUUid;
			sourceTree = "<group>";
		};
		DA6B56251CC8C04A00AEEE94 /* Supporting Files */ = {
			isa = PBXGroup;
			children = (
				DA6B56261CC8C04A00AEEE94 /* main.m */,
			);
			name = "Supporting Files";
			sourceTree = "<group>";
		};
		DA6B563E1CC8C04B00AEEE94 /* GetUUidTests */ = {
			isa = PBXGroup;
			children = (
				DA6B563F1CC8C04B00AEEE94 /* GetUUidTests.m */,
				DA6B56411CC8C04B00AEEE94 /* Info.plist */,
			);
			path = GetUUidTests;
			sourceTree = "<group>";
		};
		DA6B56491CC8C04B00AEEE94 /* GetUUidUITests */ = {
			isa = PBXGroup;
			children = (
				DA6B564A1CC8C04B00AEEE94 /* GetUUidUITests.m */,
				DA6B564C1CC8C04B00AEEE94 /* Info.plist */,
			);
			path = GetUUidUITests;
			sourceTree = "<group>";
		};
/* End PBXGroup section */

/* Begin PBXNativeTarget section */
		DA6B56211CC8C04A00AEEE94 /* GetUUid */ = {
			isa = PBXNativeTarget;
			buildConfigurationList = DA6B564F1CC8C04B00AEEE94 /* Build configuration list for PBXNativeTarget "GetUUid" */;
			buildPhases = (
				DA6B561E1CC8C04A00AEEE94 /* Sources */,
				DA6B561F1CC8C04A00AEEE94 /* Frameworks */,
				DA6B56201CC8C04A00AEEE94 /* Resources */,
			);
			buildRules = (
			);
			dependencies = (
			);
			name = GetUUid;
			productName = GetUUid;
			productReference = DA6B56221CC8C04A00AEEE94 /* GetUUid.app */;
			productType = "com.apple.product-type.application";
		};
		DA6B563A1CC8C04B00AEEE94 /* GetUUidTests */ = {
			isa = PBXNativeTarget;
			buildConfigurationList = DA6B56521CC8C04B00AEEE94 /* Build configuration list for PBXNativeTarget "GetUUidTests" */;
			buildPhases = (
				DA6B56371CC8C04B00AEEE94 /* Sources */,
				DA6B56381CC8C04B00AEEE94 /* Frameworks */,
				DA6B56391CC8C04B00AEEE94 /* Resources */,
			);
			buildRules = (
			);
			dependencies = (
				DA6B563D1CC8C04B00AEEE94 /* PBXTargetDependency */,
			);
			name = GetUUidTests;
			productName = GetUUidTests;
			productReference = DA6B563B1CC8C04B00AEEE94 /* GetUUidTests.xctest */;
			productType = "com.apple.product-type.bundle.unit-test";
		};
		DA6B56451CC8C04B00AEEE94 /* GetUUidUITests */ = {
			isa = PBXNativeTarget;
			buildConfigurationList = DA6B56551CC8C04B00AEEE94 /* Build configuration list for PBXNativeTarget "GetUUidUITests" */;
			buildPhases = (
				DA6B56421CC8C04B00AEEE94 /* Sources */,
				DA6B56431CC8C04B00AEEE94 /* Frameworks */,
				DA6B56441CC8C04B00AEEE94 /* Resources */,
			);
			buildRules = (
			);
			dependencies = (
				DA6B56481CC8C04B00AEEE94 /* PBXTargetDependency */,
			);
			name = GetUUidUITests;
			productName = GetUUidUITests;
			productReference = DA6B56461CC8C04B00AEEE94 /* GetUUidUITests.xctest */;
			productType = "com.apple.product-type.bundle.ui-testing";
		};
/* End PBXNativeTarget section */

/* Begin PBXProject section */
		DA6B561A1CC8C04A00AEEE94 /* Project object */ = {
			isa = PBXProject;
			attributes = {
				LastUpgradeCheck = 0730;
				ORGANIZATIONNAME = zhangjin;
				TargetAttributes = {
					DA6B56211CC8C04A00AEEE94 = {
						CreatedOnToolsVersion = 7.3;
						DevelopmentTeam = 2EN7P7HTC3;
					};
					DA6B563A1CC8C04B00AEEE94 = {
						CreatedOnToolsVersion = 7.3;
						DevelopmentTeam = 2EN7P7HTC3;
						TestTargetID = DA6B56211CC8C04A00AEEE94;
					};
					DA6B56451CC8C04B00AEEE94 = {
						CreatedOnToolsVersion = 7.3;
						DevelopmentTeam = 2EN7P7HTC3;
						TestTargetID = DA6B56211CC8C04A00AEEE94;
					};
				};
			};
			buildConfigurationList = DA6B561D1CC8C04A00AEEE94 /* Build configuration list for PBXProject "GetUUid" */;
			compatibilityVersion = "Xcode 3.2";
			developmentRegion = English;
			hasScannedForEncodings = 0;
			knownRegions = (
				en,
				Base,
			);
			mainGroup = DA6B56191CC8C04A00AEEE94;
			productRefGroup = DA6B56231CC8C04A00AEEE94 /* Products */;
			projectDirPath = "";
			projectRoot = "";
			targets = (
				DA6B56211CC8C04A00AEEE94 /* GetUUid */,
				DA6B563A1CC8C04B00AEEE94 /* GetUUidTests */,
				DA6B56451CC8C04B00AEEE94 /* GetUUidUITests */,
			);
		};
/* End PBXProject section */

/* Begin PBXResourcesBuildPhase section */
		DA6B56201CC8C04A00AEEE94 /* Resources */ = {
			isa = PBXResourcesBuildPhase;
			buildActionMask = 2147483647;
			files = (
				DA6B56351CC8C04B00AEEE94 /* LaunchScreen.storyboard in Resources */,
				DA6B56321CC8C04B00AEEE94 /* Assets.xcassets in Resources */,
				DA6B56301CC8C04B00AEEE94 /* Main.storyboard in Resources */,
			);
			runOnlyForDeploymentPostprocessing = 0;
		};
		DA6B56391CC8C04B00AEEE94 /* Resources */ = {
			isa = PBXResourcesBuildPhase;
			buildActionMask = 2147483647;
			files = (
			);
			runOnlyForDeploymentPostprocessing = 0;
		};
		DA6B56441CC8C04B00AEEE94 /* Resources */ = {
			isa = PBXResourcesBuildPhase;
			buildActionMask = 2147483647;
			files = (
			);
			runOnlyForDeploymentPostprocessing = 0;
		};
/* End PBXResourcesBuildPhase section */

/* Begin PBXSourcesBuildPhase section */
		DA6B561E1CC8C04A00AEEE94 /* Sources */ = {
			isa = PBXSourcesBuildPhase;
			buildActionMask = 2147483647;
			files = (
				DA6B565F1CC8C0D300AEEE94 /* MyUUIDManager.m in Sources */,
				DA6B562D1CC8C04A00AEEE94 /* ViewController.m in Sources */,
				DA6B562A1CC8C04A00AEEE94 /* AppDelegate.m in Sources */,
				DA6B56271CC8C04A00AEEE94 /* main.m in Sources */,
				DA6B565C1CC8C08A00AEEE94 /* MyKeyChainManager.m in Sources */,
			);
			runOnlyForDeploymentPostprocessing = 0;
		};
		DA6B56371CC8C04B00AEEE94 /* Sources */ = {
			isa = PBXSourcesBuildPhase;
			buildActionMask = 2147483647;
			files = (
				DA6B56401CC8C04B00AEEE94 /* GetUUidTests.m in Sources */,
			);
			runOnlyForDeploymentPostprocessing = 0;
		};
		DA6B56421CC8C04B00AEEE94 /* Sources */ = {
			isa = PBXSourcesBuildPhase;
			buildActionMask = 2147483647;
			files = (
				DA6B564B1CC8C04B00AEEE94 /* GetUUidUITests.m in Sources */,
			);
			runOnlyForDeploymentPostprocessing = 0;
		};
/* End PBXSourcesBuildPhase section */

/* Begin PBXTargetDependency section */
		DA6B563D1CC8C04B00AEEE94 /* PBXTargetDependency */ = {
			isa = PBXTargetDependency;
			target = DA6B56211CC8C04A00AEEE94 /* GetUUid */;
			targetProxy = DA6B563C1CC8C04B00AEEE94 /* PBXContainerItemProxy */;
		};
		DA6B56481CC8C04B00AEEE94 /* PBXTargetDependency */ = {
			isa = PBXTargetDependency;
			target = DA6B56211CC8C04A00AEEE94 /* GetUUid */;
			targetProxy = DA6B56471CC8C04B00AEEE94 /* PBXContainerItemProxy */;
		};
/* End PBXTargetDependency section */

/* Begin PBXVariantGroup section */
		DA6B562E1CC8C04B00AEEE94 /* Main.storyboard */ = {
			isa = PBXVariantGroup;
			children = (
				DA6B562F1CC8C04B00AEEE94 /* Base */,
			);
			name = Main.storyboard;
			sourceTree = "<group>";
		};
		DA6B56331CC8C04B00AEEE94 /* LaunchScreen.storyboard */ = {
			isa = PBXVariantGroup;
			children = (
				DA6B56341CC8C04B00AEEE94 /* Base */,
			);
			name = LaunchScreen.storyboard;
			sourceTree = "<group>";
		};
/* End PBXVariantGroup section */

/* Begin XCBuildConfiguration section */
		DA6B564D1CC8C04B00AEEE94 /* Debug */ = {
			isa = XCBuildConfiguration;
			buildSettings = {
				ALWAYS_SEARCH_USER_PATHS = NO;
				CLANG_ANALYZER_NONNULL = YES;
				CLANG_CXX_LANGUAGE_STANDARD = "gnu++0x";
				CLANG_CXX_LIBRARY = "libc++";
				CLANG_ENABLE_MODULES = YES;
				CLANG_ENABLE_OBJC_ARC = YES;
				CLANG_WARN_BOOL_CONVERSION = YES;
				CLANG_WARN_CONSTANT_CONVERSION = YES;
				CLANG_WARN_DIRECT_OBJC_ISA_USAGE = YES_ERROR;
				CLANG_WARN_EMPTY_BODY = YES;
				CLANG_WARN_ENUM_CONVERSION = YES;
				CLANG_WARN_INT_CONVERSION = YES;
				CLANG_WARN_OBJC_ROOT_CLASS = YES_ERROR;
				CLANG_WARN_UNREACHABLE_CODE = YES;
				CLANG_WARN__DUPLICATE_METHOD_MATCH = YES;
				"CODE_SIGN_IDENTITY[sdk=iphoneos*]" = "iPhone Developer";
				COPY_PHASE_STRIP = NO;
				DEBUG_INFORMATION_FORMAT = dwarf;
				ENABLE_STRICT_OBJC_MSGSEND = YES;
				ENABLE_TESTABILITY = YES;
				GCC_C_LANGUAGE_STANDARD = gnu99;
				GCC_DYNAMIC_NO_PIC = NO;
				GCC_NO_COMMON_BLOCKS = YES;
				GCC_OPTIMIZATION_LEVEL = 0;
				GCC_PREPROCESSOR_DEFINITIONS = (
					"DEBUG=1",
					"$(inherited)",
				);
				GCC_WARN_64_TO_32_BIT_CONVERSION = YES;
				GCC_WARN_ABOUT_RETURN_TYPE = YES_ERROR;
				GCC_WARN_UNDECLARED_SELECTOR = YES;
				GCC_WARN_UNINITIALIZED_AUTOS = YES_AGGRESSIVE;
				GCC_WARN_UNUSED_FUNCTION = YES;
				GCC_WARN_UNUSED_VARIABLE = YES;
				IPHONEOS_DEPLOYMENT_TARGET = 9.0;
				MTL_ENABLE_DEBUG_INFO = YES;
				ONLY_ACTIVE_ARCH = YES;
				SDKROOT = iphoneos;
			};
			name = Debug;
		};
		DA6B564E1CC8C04B00AEEE94 /* Release */ = {
			isa = XCBuildConfiguration;
			buildSettings = {
				ALWAYS_SEARCH_USER_PATHS = NO;
				CLANG_ANALYZER_NONNULL = YES;
				CLANG_CXX_LANGUAGE_STANDARD = "gnu++0x";
				CLANG_CXX_LIBRARY = "libc++";
				CLANG_ENABLE_MODULES = YES;
				CLANG_ENABLE_OBJC_ARC = YES;
				CLANG_WARN_BOOL_CONVERSION = YES;
				CLANG_WARN_CONSTANT_CONVERSION = YES;
				CLANG_WARN_DIRECT_OBJC_ISA_USAGE = YES_ERROR;
				CLANG_WARN_EMPTY_BODY = YES;
				CLANG_WARN_ENUM_CONVERSION = YES;
				CLANG_WARN_INT_CONVERSION = YES;
				CLANG_WARN_OBJC_ROOT_CLASS = YES_ERROR;
				CLANG_WARN_UNREACHABLE_CODE = YES;
				CLANG_WARN__DUPLICATE_METHOD_MATCH = YES;
				"CODE_SIGN_IDENTITY[sdk=iphoneos*]" = "iPhone Developer";
				COPY_PHASE_STRIP = NO;
				DEBUG_INFORMATION_FORMAT = "dwarf-with-dsym";
				ENABLE_NS_ASSERTIONS = NO;
				ENABLE_STRICT_OBJC_MSGSEND = YES;
				GCC_C_LANGUAGE_STANDARD = gnu99;
				GCC_NO_COMMON_BLOCKS = YES;
				GCC_WARN_64_TO_32_BIT_CONVERSION = YES;
				GCC_WARN_ABOUT_RETURN_TYPE = YES_ERROR;
				GCC_WARN_UNDECLARED_SELECTOR = YES;
				GCC_WARN_UNINITIALIZED_AUTOS = YES_AGGRESSIVE;
				GCC_WARN_UNUSED_FUNCTION = YES;
				GCC_WARN_UNUSED_VARIABLE = YES;
				IPHONEOS_DEPLOYMENT_TARGET = 9.0;
				MTL_ENABLE_DEBUG_INFO = NO;
				SDKROOT = iphoneos;
				VALIDATE_PRODUCT = YES;
			};
			name = Release;
		};
		DA6B56501CC8C04B00AEEE94 /* Debug */ = {
			isa = XCBuildConfiguration;
			buildSettings = {
				ASSETCATALOG_COMPILER_APPICON_NAME = AppIcon;
				INFOPLIST_FILE = GetUUid/Info.plist;
				LD_RUNPATH_SEARCH_PATHS = "$(inherited) @executable_path/Frameworks";
				PRODUCT_BUNDLE_IDENTIFIER = com.zhangjin.GetUUid;
				PRODUCT_NAME = "$(TARGET_NAME)";
			};
			name = Debug;
		};
		DA6B56511CC8C04B00AEEE94 /* Release */ = {
			isa = XCBuildConfiguration;
			buildSettings = {
				ASSETCATALOG_COMPILER_APPICON_NAME = AppIcon;
				INFOPLIST_FILE = GetUUid/Info.plist;
				LD_RUNPATH_SEARCH_PATHS = "$(inherited) @executable_path/Frameworks";
				PRODUCT_BUNDLE_IDENTIFIER = com.zhangjin.GetUUid;
				PRODUCT_NAME = "$(TARGET_NAME)";
			};
			name = Release;
		};
		DA6B56531CC8C04B00AEEE94 /* Debug */ = {
			isa = XCBuildConfiguration;
			buildSettings = {
				BUNDLE_LOADER = "$(TEST_HOST)";
				INFOPLIST_FILE = GetUUidTests/Info.plist;
				LD_RUNPATH_SEARCH_PATHS = "$(inherited) @executable_path/Frameworks @loader_path/Frameworks";
				PRODUCT_BUNDLE_IDENTIFIER = com.zhangjin.GetUUidTests;
				PRODUCT_NAME = "$(TARGET_NAME)";
				TEST_HOST = "$(BUILT_PRODUCTS_DIR)/GetUUid.app/GetUUid";
			};
			name = Debug;
		};
		DA6B56541CC8C04B00AEEE94 /* Release */ = {
			isa = XCBuildConfiguration;
			buildSettings = {
				BUNDLE_LOADER = "$(TEST_HOST)";
				INFOPLIST_FILE = GetUUidTests/Info.plist;
				LD_RUNPATH_SEARCH_PATHS = "$(inherited) @executable_path/Frameworks @loader_path/Frameworks";
				PRODUCT_BUNDLE_IDENTIFIER = com.zhangjin.GetUUidTests;
				PRODUCT_NAME = "$(TARGET_NAME)";
				TEST_HOST = "$(BUILT_PRODUCTS_DIR)/GetUUid.app/GetUUid";
			};
			name = Release;
		};
		DA6B56561CC8C04B00AEEE94 /* Debug */ = {
			isa = XCBuildConfiguration;
			buildSettings = {
				INFOPLIST_FILE = GetUUidUITests/Info.plist;
				LD_RUNPATH_SEARCH_PATHS = "$(inherited) @executable_path/Frameworks @loader_path/Frameworks";
				PRODUCT_BUNDLE_IDENTIFIER = com.zhangjin.GetUUidUITests;
				PRODUCT_NAME = "$(TARGET_NAME)";
				TEST_TARGET_NAME = GetUUid;
			};
			name = Debug;
		};
		DA6B56571CC8C04B00AEEE94 /* Release */ = {
			isa = XCBuildConfiguration;
			buildSettings = {
				INFOPLIST_FILE = GetUUidUITests/Info.plist;
				LD_RUNPATH_SEARCH_PATHS = "$(inherited) @executable_path/Frameworks @loader_path/Frameworks";
				PRODUCT_BUNDLE_IDENTIFIER = com.zhangjin.GetUUidUITests;
				PRODUCT_NAME = "$(TARGET_NAME)";
				TEST_TARGET_NAME = GetUUid;
			};
			name = Release;
		};
/* End XCBuildConfiguration section */

/* Begin XCConfigurationList section */
		DA6B561D1CC8C04A00AEEE94 /* Build configuration list for PBXProject "GetUUid" */ = {
			isa = XCConfigurationList;
			buildConfigurations = (
				DA6B564D1CC8C04B00AEEE94 /* Debug */,
				DA6B564E1CC8C04B00AEEE94 /* Release */,
			);
			defaultConfigurationIsVisible = 0;
			defaultConfigurationName = Release;
		};
		DA6B564F1CC8C04B00AEEE94 /* Build configuration list for PBXNativeTarget "GetUUid" */ = {
			isa = XCConfigurationList;
			buildConfigurations = (
				DA6B56501CC8C04B00AEEE94 /* Debug */,
				DA6B56511CC8C04B00AEEE94 /* Release */,
			);
			defaultConfigurationIsVisible = 0;
		};
		DA6B56521CC8C04B00AEEE94 /* Build configuration list for PBXNativeTarget "GetUUidTests" */ = {
			isa = XCConfigurationList;
			buildConfigurations = (
				DA6B56531CC8C04B00AEEE94 /* Debug */,
				DA6B56541CC8C04B00AEEE94 /* Release */,
			);
			defaultConfigurationIsVisible = 0;
		};
		DA6B56551CC8C04B00AEEE94 /* Build configuration list for PBXNativeTarget "GetUUidUITests" */ = {
			isa = XCConfigurationList;
			buildConfigurations = (
				DA6B56561CC8C04B00AEEE94 /* Debug */,
				DA6B56571CC8C04B00AEEE94 /* Release */,
			);
			defaultConfigurationIsVisible = 0;
		};
/* End XCConfigurationList section */
	};
	rootObject = DA6B561A1CC8C04A00AEEE94 /* Project object */;
}
